
Microsoft Visual Studio Solution File, Format Version 12.00
# Visual Studio Version 16
VisualStudioVersion = 16.0.29230.47
MinimumVisualStudioVersion = 10.0.40219.1
Project("{FAE04EC0-301F-11D3-BF4B-00C04F79EFBC}") = "Finalproject_BalmeetKaur", "Finalproject_BalmeetKaur\Finalproject_BalmeetKaur.csproj", "{1C1DF40B-A6D6-4278-AE9B-60B64D8CF2EC}"
EndProject
Global
	GlobalSection(SolutionConfigurationPlatforms) = preSolution
		Debug|Any CPU = Debug|Any CPU
		Release|Any CPU = Release|Any CPU
	EndGlobalSection
	GlobalSection(ProjectConfigurationPlatforms) = postSolution
		{1C1DF40B-A6D6-4278-AE9B-60B64D8CF2EC}.Debug|Any CPU.ActiveCfg = Debug|Any CPU
		{1C1DF40B-A6D6-4278-AE9B-60B64D8CF2EC}.Debug|Any CPU.Build.0 = Debug|Any CPU
		{1C1DF40B-A6D6-4278-AE9B-60B64D8CF2EC}.Release|Any CPU.ActiveCfg = Release|Any CPU
		{1C1DF40B-A6D6-4278-AE9B-60B64D8CF2EC}.Release|Any CPU.Build.0 = Release|Any CPU
	EndGlobalSection
	GlobalSection(SolutionProperties) = preSolution
		HideSolutionNode = FALSE
	EndGlobalSection
	GlobalSection(ExtensibilityGlobals) = postSolution
		SolutionGuid = {7A461E35-DB46-44D9-BDF9-6CAAEF84C47B}
	EndGlobalSection
EndGlobal
